
Microsoft Visual Studio Solution File, Format Version 12.00
# Visual Studio Version 17
VisualStudioVersion = 17.11.35327.3
MinimumVisualStudioVersion = 10.0.40219.1
Project("{8BC9CEB8-8B4A-11D0-8D11-00A0C91BC942}") = "lab3.1", "lab3.1\lab3.1.vcxproj", "{9EDE7AF8-7A1A-41AE-BC1E-10658F44AD38}"
EndProject
Global
	GlobalSection(SolutionConfigurationPlatforms) = preSolution
		Debug|x64 = Debug|x64
		Debug|x86 = Debug|x86
		Release|x64 = Release|x64
		Release|x86 = Release|x86
	EndGlobalSection
	GlobalSection(ProjectConfigurationPlatforms) = postSolution
		{9EDE7AF8-7A1A-41AE-BC1E-10658F44AD38}.Debug|x64.ActiveCfg = Debug|x64
		{9EDE7AF8-7A1A-41AE-BC1E-10658F44AD38}.Debug|x64.Build.0 = Debug|x64
		{9EDE7AF8-7A1A-41AE-BC1E-10658F44AD38}.Debug|x86.ActiveCfg = Debug|Win32
		{9EDE7AF8-7A1A-41AE-BC1E-10658F44AD38}.Debug|x86.Build.0 = Debug|Win32
		{9EDE7AF8-7A1A-41AE-BC1E-10658F44AD38}.Release|x64.ActiveCfg = Release|x64
		{9EDE7AF8-7A1A-41AE-BC1E-10658F44AD38}.Release|x64.Build.0 = Release|x64
		{9EDE7AF8-7A1A-41AE-BC1E-10658F44AD38}.Release|x86.ActiveCfg = Release|Win32
		{9EDE7AF8-7A1A-41AE-BC1E-10658F44AD38}.Release|x86.Build.0 = Release|Win32
	EndGlobalSection
	GlobalSection(SolutionProperties) = preSolution
		HideSolutionNode = FALSE
	EndGlobalSection
	GlobalSection(ExtensibilityGlobals) = postSolution
		SolutionGuid = {244A7CFC-60BD-4C14-AB55-878CE9016C69}
	EndGlobalSection
EndGlobal
